{
  "version": 4,
  "terraform_version": "0.12.24",
  "serial": 151,
  "lineage": "22f2a2db-f908-db5a-b198-d688681ea250",
  "outputs": {
    "kubernetes_cluster_name": {
      "value": "cloudconnect-295906-gke-front",
      "type": "string"
    },
    "kubernetes_cluster_name_secondary": {
      "value": "cloudconnect-295906-gke-bkend",
      "type": "string"
    },
    "region": {
      "value": "europe-west2",
      "type": "string"
    }
  },
  "resources": [
    {
      "mode": "managed",
      "type": "google_compute_network",
      "name": "vpc-backend",
      "provider": "provider.google",
      "instances": [
        {
          "schema_version": 0,
          "attributes": {
            "auto_create_subnetworks": false,
            "delete_default_routes_on_create": false,
            "description": "",
            "gateway_ipv4": "",
            "id": "projects/cloudconnect-295906/global/networks/cloudconnect-295906-vpc-2",
            "mtu": 0,
            "name": "cloudconnect-295906-vpc-2",
            "project": "cloudconnect-295906",
            "routing_mode": "REGIONAL",
            "self_link": "https://www.googleapis.com/compute/v1/projects/cloudconnect-295906/global/networks/cloudconnect-295906-vpc-2",
            "timeouts": null
          },
          "private": "eyJlMmJmYjczMC1lY2FhLTExZTYtOGY4OC0zNDM2M2JjN2M0YzAiOnsiY3JlYXRlIjoyNDAwMDAwMDAwMDAsImRlbGV0ZSI6MjQwMDAwMDAwMDAwLCJ1cGRhdGUiOjI0MDAwMDAwMDAwMH19"
        }
      ]
    },
    {
      "mode": "managed",
      "type": "google_compute_network",
      "name": "vpc-frontend",
      "provider": "provider.google",
      "instances": [
        {
          "schema_version": 0,
          "attributes": {
            "auto_create_subnetworks": false,
            "delete_default_routes_on_create": false,
            "description": "",
            "gateway_ipv4": "",
            "id": "projects/cloudconnect-295906/global/networks/cloudconnect-295906-vpc-1",
            "mtu": 0,
            "name": "cloudconnect-295906-vpc-1",
            "project": "cloudconnect-295906",
            "routing_mode": "REGIONAL",
            "self_link": "https://www.googleapis.com/compute/v1/projects/cloudconnect-295906/global/networks/cloudconnect-295906-vpc-1",
            "timeouts": null
          },
          "private": "eyJlMmJmYjczMC1lY2FhLTExZTYtOGY4OC0zNDM2M2JjN2M0YzAiOnsiY3JlYXRlIjoyNDAwMDAwMDAwMDAsImRlbGV0ZSI6MjQwMDAwMDAwMDAwLCJ1cGRhdGUiOjI0MDAwMDAwMDAwMH19"
        }
      ]
    },
    {
      "mode": "managed",
      "type": "google_compute_subnetwork",
      "name": "subnet-backend",
      "provider": "provider.google",
      "instances": [
        {
          "schema_version": 0,
          "attributes": {
            "creation_timestamp": "2020-11-28T03:55:34.769-08:00",
            "description": "",
            "fingerprint": null,
            "gateway_address": "10.11.0.1",
            "id": "projects/cloudconnect-295906/regions/europe-west2/subnetworks/cloudconnect-295906-subnet-2",
            "ip_cidr_range": "10.11.0.0/24",
            "log_config": [],
            "name": "cloudconnect-295906-subnet-2",
            "network": "https://www.googleapis.com/compute/v1/projects/cloudconnect-295906/global/networks/cloudconnect-295906-vpc-2",
            "private_ip_google_access": false,
            "private_ipv6_google_access": "DISABLE_GOOGLE_ACCESS",
            "project": "cloudconnect-295906",
            "region": "europe-west2",
            "secondary_ip_range": [],
            "self_link": "https://www.googleapis.com/compute/v1/projects/cloudconnect-295906/regions/europe-west2/subnetworks/cloudconnect-295906-subnet-2",
            "timeouts": null
          },
          "private": "eyJlMmJmYjczMC1lY2FhLTExZTYtOGY4OC0zNDM2M2JjN2M0YzAiOnsiY3JlYXRlIjozNjAwMDAwMDAwMDAsImRlbGV0ZSI6MzYwMDAwMDAwMDAwLCJ1cGRhdGUiOjM2MDAwMDAwMDAwMH19",
          "dependencies": [
            "google_compute_network.vpc-backend"
          ]
        }
      ]
    },
    {
      "mode": "managed",
      "type": "google_compute_subnetwork",
      "name": "subnet-frontend",
      "provider": "provider.google",
      "instances": [
        {
          "schema_version": 0,
          "attributes": {
            "creation_timestamp": "2020-11-28T03:55:23.990-08:00",
            "description": "",
            "fingerprint": null,
            "gateway_address": "10.10.0.1",
            "id": "projects/cloudconnect-295906/regions/europe-west2/subnetworks/cloudconnect-295906-subnet-1",
            "ip_cidr_range": "10.10.0.0/24",
            "log_config": [],
            "name": "cloudconnect-295906-subnet-1",
            "network": "https://www.googleapis.com/compute/v1/projects/cloudconnect-295906/global/networks/cloudconnect-295906-vpc-1",
            "private_ip_google_access": false,
            "private_ipv6_google_access": "DISABLE_GOOGLE_ACCESS",
            "project": "cloudconnect-295906",
            "region": "europe-west2",
            "secondary_ip_range": [],
            "self_link": "https://www.googleapis.com/compute/v1/projects/cloudconnect-295906/regions/europe-west2/subnetworks/cloudconnect-295906-subnet-1",
            "timeouts": null
          },
          "private": "eyJlMmJmYjczMC1lY2FhLTExZTYtOGY4OC0zNDM2M2JjN2M0YzAiOnsiY3JlYXRlIjozNjAwMDAwMDAwMDAsImRlbGV0ZSI6MzYwMDAwMDAwMDAwLCJ1cGRhdGUiOjM2MDAwMDAwMDAwMH19",
          "dependencies": [
            "google_compute_network.vpc-frontend"
          ]
        }
      ]
    },
    {
      "mode": "managed",
      "type": "google_container_cluster",
      "name": "primary",
      "provider": "provider.google",
      "instances": [
        {
          "schema_version": 1,
          "attributes": {
            "addons_config": [
              {
                "cloudrun_config": [],
                "horizontal_pod_autoscaling": [],
                "http_load_balancing": [],
                "network_policy_config": [
                  {
                    "disabled": true
                  }
                ]
              }
            ],
            "authenticator_groups_config": [],
            "cluster_autoscaling": [
              {
                "auto_provisioning_defaults": [],
                "enabled": false,
                "resource_limits": []
              }
            ],
            "cluster_ipv4_cidr": "10.124.0.0/14",
            "database_encryption": [
              {
                "key_name": "",
                "state": "DECRYPTED"
              }
            ],
            "default_max_pods_per_node": null,
            "description": "",
            "enable_binary_authorization": false,
            "enable_intranode_visibility": null,
            "enable_kubernetes_alpha": false,
            "enable_legacy_abac": false,
            "enable_shielded_nodes": false,
            "enable_tpu": null,
            "endpoint": "35.230.132.202",
            "id": "projects/cloudconnect-295906/locations/europe-west2/clusters/cloudconnect-295906-gke-front",
            "initial_node_count": 1,
            "instance_group_urls": [],
            "ip_allocation_policy": [],
            "label_fingerprint": "a9dc16a7",
            "location": "europe-west2",
            "logging_service": "logging.googleapis.com/kubernetes",
            "maintenance_policy": [],
            "master_auth": [
              {
                "client_certificate": "",
                "client_certificate_config": [
                  {
                    "issue_client_certificate": false
                  }
                ],
                "client_key": "",
                "cluster_ca_certificate": "LS0tLS1CRUdJTiBDRVJUSUZJQ0FURS0tLS0tCk1JSURLakNDQWhLZ0F3SUJBZ0lRVHJSZWtwZlp6NzllVlVzaVhXTkh0REFOQmdrcWhraUc5dzBCQVFzRkFEQXYKTVMwd0t3WURWUVFERXlRM1kyUXhaalpsT1MwMU9EWmxMVFEwTVdVdE9UTmlNaTFoTW1VM09EVXdNR1UzTTJZdwpIaGNOTWpBeE1USTRNVEExTlRRMldoY05NalV4TVRJM01URTFOVFEyV2pBdk1TMHdLd1lEVlFRREV5UTNZMlF4ClpqWmxPUzAxT0RabExUUTBNV1V0T1ROaU1pMWhNbVUzT0RVd01HVTNNMll3Z2dFaU1BMEdDU3FHU0liM0RRRUIKQVFVQUE0SUJEd0F3Z2dFS0FvSUJBUUNPMFdpWDlxVkVXRjhIQ0FDK2h1WHp5QVhwc0p6MHhVZnFxM1gwaU5SUwpUVyt1cVhOZEw3b1Q0M2pkUTRLNkY2ZkRPN2ZrQXRjUlVhZWN6cTFGRnY0K0xLRkxiZ2ovb0pvaVBCMXd3QTVTCk9kaDRkZS91bEF2clhhTXlmazJ6UVNWQjBKeFhTenBlZjJWSGc4TFBnaVB2RlM0M04rNWgzb2xOUU1IckpSam4KbEppWjB5M1VUdkM4SE5XS0kzVW9odTlYbEljbjNZS0haL2pma3NUaUJHY3lxaUxJei9MVGVGeFhRK3hYMzQvUQpvY2Ftci9sUHZna0VXTy9DTWpjS1Y3ejVaYTRRS2lERzdHYktLYXpaNzV5Y3gzTlBQekVxMGU1elJEakhFb0ttCnllQVVyL0JyVEZSc09sMHhGY2U2TXpTQUViZ0hRY09mS1ZCQjBSeTJFcExMQWdNQkFBR2pRakJBTUE0R0ExVWQKRHdFQi93UUVBd0lDQkRBUEJnTlZIUk1CQWY4RUJUQURBUUgvTUIwR0ExVWREZ1FXQkJTSk5tVlZVZ2M3TTN5RwpaL1dZRUZjRWxqcUI2REFOQmdrcWhraUc5dzBCQVFzRkFBT0NBUUVBQjhjSHcvK1hzQk9UOUFveUFndVRFMnZGCkk4d3FYK1NuUGNqNUNEN2U4S0gvTHROc2pKdldWMGM1cTU2bjFYZWhOOHZPUlhkM0J2MERDQ25iZXIzc3BBczgKZXZod0ZFN2dBTHk5bk5FUVZzUXBoUGwvS3dMTEJTL2IrYUJyQiswZFBEcmszTzIvNzdwWmNqQzFReHNpYXpUWQpXcTd5aVgyN3NON2o4VEtwQzZyeDRRL2pFTWd2T1RFRW5PSkxBVWlLWVVEekNjdkl4VVVhUnlvOVAzSTNVM2ovClhISVAxRGxIdXJUWFV0WTRUYW1WdlNGUTlBMDBCdldtVWszbzBzcUdqTjhUQUg4VVRXNDY1K3V1cFNvOTRERnEKV3VZeE05dWJaWkVyNGZQTVVJZzFYSllaSkxSUUZ5bVUxMHNBajAxbThWY1F0V0p6ZUIzVWM3R1JvZ05ZMGc9PQotLS0tLUVORCBDRVJUSUZJQ0FURS0tLS0tCg==",
                "password": "",
                "username": ""
              }
            ],
            "master_authorized_networks_config": [],
            "master_version": "1.16.13-gke.401",
            "min_master_version": null,
            "monitoring_service": "monitoring.googleapis.com/kubernetes",
            "name": "cloudconnect-295906-gke-front",
            "network": "projects/cloudconnect-295906/global/networks/cloudconnect-295906-vpc-1",
            "network_policy": [
              {
                "enabled": false,
                "provider": "PROVIDER_UNSPECIFIED"
              }
            ],
            "node_config": [],
            "node_locations": [
              "europe-west2-a",
              "europe-west2-b",
              "europe-west2-c"
            ],
            "node_pool": [],
            "node_version": "1.16.13-gke.401",
            "operation": null,
            "pod_security_policy_config": [],
            "private_cluster_config": [],
            "project": "cloudconnect-295906",
            "release_channel": [
              {
                "channel": "UNSPECIFIED"
              }
            ],
            "remove_default_node_pool": true,
            "resource_labels": null,
            "resource_usage_export_config": [],
            "self_link": "https://container.googleapis.com/v1beta1/projects/cloudconnect-295906/locations/europe-west2/clusters/cloudconnect-295906-gke-front",
            "services_ipv4_cidr": "10.127.240.0/20",
            "subnetwork": "projects/cloudconnect-295906/regions/europe-west2/subnetworks/cloudconnect-295906-subnet-1",
            "timeouts": null,
            "vertical_pod_autoscaling": [],
            "workload_identity_config": []
          },
          "private": "eyJlMmJmYjczMC1lY2FhLTExZTYtOGY4OC0zNDM2M2JjN2M0YzAiOnsiY3JlYXRlIjoyNDAwMDAwMDAwMDAwLCJkZWxldGUiOjI0MDAwMDAwMDAwMDAsInJlYWQiOjI0MDAwMDAwMDAwMDAsInVwZGF0ZSI6MzYwMDAwMDAwMDAwMH0sInNjaGVtYV92ZXJzaW9uIjoiMSJ9",
          "dependencies": [
            "google_compute_network.vpc-frontend",
            "google_compute_subnetwork.subnet-frontend"
          ]
        }
      ]
    },
    {
      "mode": "managed",
      "type": "google_container_cluster",
      "name": "secondary",
      "provider": "provider.google",
      "instances": [
        {
          "schema_version": 1,
          "attributes": {
            "addons_config": [
              {
                "cloudrun_config": [],
                "horizontal_pod_autoscaling": [],
                "http_load_balancing": [],
                "network_policy_config": [
                  {
                    "disabled": true
                  }
                ]
              }
            ],
            "authenticator_groups_config": [],
            "cluster_autoscaling": [
              {
                "auto_provisioning_defaults": [],
                "enabled": false,
                "resource_limits": []
              }
            ],
            "cluster_ipv4_cidr": "10.216.0.0/14",
            "database_encryption": [
              {
                "key_name": "",
                "state": "DECRYPTED"
              }
            ],
            "default_max_pods_per_node": null,
            "description": "",
            "enable_binary_authorization": false,
            "enable_intranode_visibility": null,
            "enable_kubernetes_alpha": false,
            "enable_legacy_abac": false,
            "enable_shielded_nodes": false,
            "enable_tpu": null,
            "endpoint": "35.189.87.92",
            "id": "projects/cloudconnect-295906/locations/europe-west2/clusters/cloudconnect-295906-gke-bkend",
            "initial_node_count": 1,
            "instance_group_urls": [],
            "ip_allocation_policy": [],
            "label_fingerprint": "a9dc16a7",
            "location": "europe-west2",
            "logging_service": "logging.googleapis.com/kubernetes",
            "maintenance_policy": [],
            "master_auth": [
              {
                "client_certificate": "",
                "client_certificate_config": [
                  {
                    "issue_client_certificate": false
                  }
                ],
                "client_key": "",
                "cluster_ca_certificate": "LS0tLS1CRUdJTiBDRVJUSUZJQ0FURS0tLS0tCk1JSURLakNDQWhLZ0F3SUJBZ0lRUEtjL2dTS0dYRkNaaUNiNnVzcjVBakFOQmdrcWhraUc5dzBCQVFzRkFEQXYKTVMwd0t3WURWUVFERXlSaE9UUmhabVExWVMxbVl6VXdMVFJrTm1JdE9HRmlPUzFtTldWaE5qUTRORE01WkdFdwpIaGNOTWpBeE1USTRNVEExTlRVM1doY05NalV4TVRJM01URTFOVFUzV2pBdk1TMHdLd1lEVlFRREV5UmhPVFJoClptUTFZUzFtWXpVd0xUUmtObUl0T0dGaU9TMW1OV1ZoTmpRNE5ETTVaR0V3Z2dFaU1BMEdDU3FHU0liM0RRRUIKQVFVQUE0SUJEd0F3Z2dFS0FvSUJBUURUS0VubXZDVFJKVnh2c2R3cVpFUVVXWSsvQ0NFQTQzUnNaN0hsUkRjaApxL1k2MFpvRzZsU0wwNDFkK1ZEenJmMWpheEdOOTh0Qk5DM3dTVzh6SVZCZDdaei8zSXVvQVRGZWFmRXk0b3kvCjBLUzJUUTc4QkNSYzNFc3dVZEdyWmFld2M4YXNFWGhmY2JOb0VXWVB6ZUNIRkgwdldmRjJJSkR4cXFUdkxKeEoKSllHaVMyZ0tuUWp3UkxnWmo4dkxsUW03Tmh6SDA3eWNuRVhDTHVXZTdPYVJLbGU0akJxaHNKN1pHQlJjZDJYNQphcnVKVVdCODBvdjdOUXZpUVJJTHVrcDNOOVdCSTlZczRSSXJtNXNhYXl6L2IxcjFjbXF2a3dCOStRRFVCQjVsCnFKRUxCbCtiV0JUYlRsQmlQU3BGVVo2VHQzempBdmxkdVlBZmNKR0tqVGRuQWdNQkFBR2pRakJBTUE0R0ExVWQKRHdFQi93UUVBd0lDQkRBUEJnTlZIUk1CQWY4RUJUQURBUUgvTUIwR0ExVWREZ1FXQkJSaUZhcFdud1pGVUlESApERXE3TEg5WEg4aG1UREFOQmdrcWhraUc5dzBCQVFzRkFBT0NBUUVBampUSndKRlcwOWFaRm5wVnhvSTNrdlRJCmJ2SVBZK1hpaVlFN1htWFZsQktLRERXL1VEWlUxa1U2TGxta01hMGtESFJwUHQrRGNneFZsK3RoM2cwRnNtWmYKbHc4NjgvOXl6T2dKNmxjL2IyUTVjWC81bm5qNks1czYycmtBQVl2LzYvTnJ1aDE0RmJpNjdySTROZzBhSitaZgpuZktaRE00VVVZdE1HTCtlYU5xcndDZm8vKzNSbFI3YVl2STBEb2RvOEhmL0dXU1dHeGd4YkRPZE4yQ0ZLYmVRCjNHMkxVcjBDb1ZUdmM4UGJCSVhRTk5IaWpaSFRtQUxGQmpadHVnd2pWVnAxUXNxeUdLb3ZUSWYwZ3g3a3RySnAKd1Z2ZFkrd1QvRDNLTWpZZ2ZBUW43dUJPWDhwMU43OTJVeTNveU9hU1VxdTQ0U3BrMmtQSXVyVHpDMG1ic2c9PQotLS0tLUVORCBDRVJUSUZJQ0FURS0tLS0tCg==",
                "password": "",
                "username": ""
              }
            ],
            "master_authorized_networks_config": [],
            "master_version": "1.16.13-gke.401",
            "min_master_version": null,
            "monitoring_service": "monitoring.googleapis.com/kubernetes",
            "name": "cloudconnect-295906-gke-bkend",
            "network": "projects/cloudconnect-295906/global/networks/cloudconnect-295906-vpc-2",
            "network_policy": [
              {
                "enabled": false,
                "provider": "PROVIDER_UNSPECIFIED"
              }
            ],
            "node_config": [],
            "node_locations": [
              "europe-west2-a",
              "europe-west2-b",
              "europe-west2-c"
            ],
            "node_pool": [],
            "node_version": "1.16.13-gke.401",
            "operation": null,
            "pod_security_policy_config": [],
            "private_cluster_config": [],
            "project": "cloudconnect-295906",
            "release_channel": [
              {
                "channel": "UNSPECIFIED"
              }
            ],
            "remove_default_node_pool": true,
            "resource_labels": null,
            "resource_usage_export_config": [],
            "self_link": "https://container.googleapis.com/v1beta1/projects/cloudconnect-295906/locations/europe-west2/clusters/cloudconnect-295906-gke-bkend",
            "services_ipv4_cidr": "10.219.240.0/20",
            "subnetwork": "projects/cloudconnect-295906/regions/europe-west2/subnetworks/cloudconnect-295906-subnet-2",
            "timeouts": null,
            "vertical_pod_autoscaling": [],
            "workload_identity_config": []
          },
          "private": "eyJlMmJmYjczMC1lY2FhLTExZTYtOGY4OC0zNDM2M2JjN2M0YzAiOnsiY3JlYXRlIjoyNDAwMDAwMDAwMDAwLCJkZWxldGUiOjI0MDAwMDAwMDAwMDAsInJlYWQiOjI0MDAwMDAwMDAwMDAsInVwZGF0ZSI6MzYwMDAwMDAwMDAwMH0sInNjaGVtYV92ZXJzaW9uIjoiMSJ9",
          "dependencies": [
            "google_compute_network.vpc-backend",
            "google_compute_subnetwork.subnet-backend"
          ]
        }
      ]
    },
    {
      "mode": "managed",
      "type": "google_container_node_pool",
      "name": "primary_nodes",
      "provider": "provider.google",
      "instances": [
        {
          "schema_version": 1,
          "attributes": {
            "autoscaling": [],
            "cluster": "cloudconnect-295906-gke-front",
            "id": "projects/cloudconnect-295906/locations/europe-west2/clusters/cloudconnect-295906-gke-front/nodePools/cloudconnect-295906-gke-front-np",
            "initial_node_count": 1,
            "instance_group_urls": [
              "https://www.googleapis.com/compute/v1/projects/cloudconnect-295906/zones/europe-west2-a/instanceGroupManagers/gke-cloudconnect-295-cloudconnect-295-43a01b2f-grp",
              "https://www.googleapis.com/compute/v1/projects/cloudconnect-295906/zones/europe-west2-c/instanceGroupManagers/gke-cloudconnect-295-cloudconnect-295-ff0a10be-grp",
              "https://www.googleapis.com/compute/v1/projects/cloudconnect-295906/zones/europe-west2-b/instanceGroupManagers/gke-cloudconnect-295-cloudconnect-295-d3782913-grp"
            ],
            "location": "europe-west2",
            "management": [
              {
                "auto_repair": true,
                "auto_upgrade": true
              }
            ],
            "max_pods_per_node": null,
            "name": "cloudconnect-295906-gke-front-np",
            "name_prefix": "",
            "node_config": [
              {
                "disk_size_gb": 100,
                "disk_type": "pd-standard",
                "guest_accelerator": [],
                "image_type": "COS",
                "labels": {
                  "env": "cloudconnect-295906"
                },
                "local_ssd_count": 0,
                "machine_type": "n1-standard-1",
                "metadata": {
                  "disable-legacy-endpoints": "true"
                },
                "min_cpu_platform": "",
                "oauth_scopes": [
                  "https://www.googleapis.com/auth/logging.write",
                  "https://www.googleapis.com/auth/monitoring"
                ],
                "preemptible": false,
                "service_account": "default",
                "shielded_instance_config": [
                  {
                    "enable_integrity_monitoring": true,
                    "enable_secure_boot": false
                  }
                ],
                "tags": [
                  "gke-node",
                  "cloudconnect-295906-gke-front"
                ],
                "taint": [],
                "workload_metadata_config": []
              }
            ],
            "node_count": 1,
            "node_locations": [
              "europe-west2-a",
              "europe-west2-b",
              "europe-west2-c"
            ],
            "project": "cloudconnect-295906",
            "timeouts": null,
            "upgrade_settings": [
              {
                "max_surge": 1,
                "max_unavailable": 0
              }
            ],
            "version": "1.16.13-gke.401"
          },
          "private": "eyJlMmJmYjczMC1lY2FhLTExZTYtOGY4OC0zNDM2M2JjN2M0YzAiOnsiY3JlYXRlIjoxODAwMDAwMDAwMDAwLCJkZWxldGUiOjE4MDAwMDAwMDAwMDAsInVwZGF0ZSI6MTgwMDAwMDAwMDAwMH0sInNjaGVtYV92ZXJzaW9uIjoiMSJ9",
          "dependencies": [
            "google_compute_network.vpc-frontend",
            "google_compute_subnetwork.subnet-frontend",
            "google_container_cluster.primary"
          ]
        }
      ]
    },
    {
      "mode": "managed",
      "type": "google_container_node_pool",
      "name": "secondary_nodes",
      "provider": "provider.google",
      "instances": [
        {
          "schema_version": 1,
          "attributes": {
            "autoscaling": [],
            "cluster": "cloudconnect-295906-gke-bkend",
            "id": "projects/cloudconnect-295906/locations/europe-west2/clusters/cloudconnect-295906-gke-bkend/nodePools/cloudconnect-295906-gke-bkend-np",
            "initial_node_count": 1,
            "instance_group_urls": [
              "https://www.googleapis.com/compute/v1/projects/cloudconnect-295906/zones/europe-west2-b/instanceGroupManagers/gke-cloudconnect-295-cloudconnect-295-49c8b2f8-grp",
              "https://www.googleapis.com/compute/v1/projects/cloudconnect-295906/zones/europe-west2-c/instanceGroupManagers/gke-cloudconnect-295-cloudconnect-295-604f3a51-grp",
              "https://www.googleapis.com/compute/v1/projects/cloudconnect-295906/zones/europe-west2-a/instanceGroupManagers/gke-cloudconnect-295-cloudconnect-295-f5398931-grp"
            ],
            "location": "europe-west2",
            "management": [
              {
                "auto_repair": true,
                "auto_upgrade": true
              }
            ],
            "max_pods_per_node": null,
            "name": "cloudconnect-295906-gke-bkend-np",
            "name_prefix": "",
            "node_config": [
              {
                "disk_size_gb": 100,
                "disk_type": "pd-standard",
                "guest_accelerator": [],
                "image_type": "COS",
                "labels": {
                  "env": "cloudconnect-295906"
                },
                "local_ssd_count": 0,
                "machine_type": "n1-standard-1",
                "metadata": {
                  "disable-legacy-endpoints": "true"
                },
                "min_cpu_platform": "",
                "oauth_scopes": [
                  "https://www.googleapis.com/auth/logging.write",
                  "https://www.googleapis.com/auth/monitoring"
                ],
                "preemptible": false,
                "service_account": "default",
                "shielded_instance_config": [
                  {
                    "enable_integrity_monitoring": true,
                    "enable_secure_boot": false
                  }
                ],
                "tags": [
                  "gke-node",
                  "cloudconnect-295906-gke-bkend"
                ],
                "taint": [],
                "workload_metadata_config": []
              }
            ],
            "node_count": 1,
            "node_locations": [
              "europe-west2-a",
              "europe-west2-b",
              "europe-west2-c"
            ],
            "project": "cloudconnect-295906",
            "timeouts": null,
            "upgrade_settings": [
              {
                "max_surge": 1,
                "max_unavailable": 0
              }
            ],
            "version": "1.16.13-gke.401"
          },
          "private": "eyJlMmJmYjczMC1lY2FhLTExZTYtOGY4OC0zNDM2M2JjN2M0YzAiOnsiY3JlYXRlIjoxODAwMDAwMDAwMDAwLCJkZWxldGUiOjE4MDAwMDAwMDAwMDAsInVwZGF0ZSI6MTgwMDAwMDAwMDAwMH0sInNjaGVtYV92ZXJzaW9uIjoiMSJ9",
          "dependencies": [
            "google_compute_network.vpc-backend",
            "google_compute_subnetwork.subnet-backend",
            "google_container_cluster.secondary"
          ]
        }
      ]
    }
  ]
}
